
Microsoft Visual Studio Solution File, Format Version 12.00
# Visual Studio Version 17
VisualStudioVersion = 17.3.32811.315
MinimumVisualStudioVersion = 10.0.40219.1
Project("{FAE04EC0-301F-11D3-BF4B-00C04F79EFBC}") = "GarthBrooksProject", "GarthBrooksProject\GarthBrooksProject.csproj", "{49E83A28-8923-453E-9488-B5E98D54A0C3}"
EndProject
Project("{FAE04EC0-301F-11D3-BF4B-00C04F79EFBC}") = "MusicLibrary2", "MusicLibrary2\MusicLibrary2.csproj", "{C0825884-B278-450F-8C4A-73ABB0D8E9F0}"
EndProject
Global
	GlobalSection(SolutionConfigurationPlatforms) = preSolution
		Debug|Any CPU = Debug|Any CPU
		Release|Any CPU = Release|Any CPU
	EndGlobalSection
	GlobalSection(ProjectConfigurationPlatforms) = postSolution
		{49E83A28-8923-453E-9488-B5E98D54A0C3}.Debug|Any CPU.ActiveCfg = Debug|Any CPU
		{49E83A28-8923-453E-9488-B5E98D54A0C3}.Debug|Any CPU.Build.0 = Debug|Any CPU
		{49E83A28-8923-453E-9488-B5E98D54A0C3}.Release|Any CPU.ActiveCfg = Release|Any CPU
		{49E83A28-8923-453E-9488-B5E98D54A0C3}.Release|Any CPU.Build.0 = Release|Any CPU
		{C0825884-B278-450F-8C4A-73ABB0D8E9F0}.Debug|Any CPU.ActiveCfg = Debug|Any CPU
		{C0825884-B278-450F-8C4A-73ABB0D8E9F0}.Debug|Any CPU.Build.0 = Debug|Any CPU
		{C0825884-B278-450F-8C4A-73ABB0D8E9F0}.Release|Any CPU.ActiveCfg = Release|Any CPU
		{C0825884-B278-450F-8C4A-73ABB0D8E9F0}.Release|Any CPU.Build.0 = Release|Any CPU
	EndGlobalSection
	GlobalSection(SolutionProperties) = preSolution
		HideSolutionNode = FALSE
	EndGlobalSection
	GlobalSection(ExtensibilityGlobals) = postSolution
		SolutionGuid = {C7C3523C-7F35-4133-BA05-DB597DA44E61}
	EndGlobalSection
EndGlobal
